
Microsoft Visual Studio Solution File, Format Version 12.00
# Visual Studio Version 17
VisualStudioVersion = 17.12.35707.178 d17.12
MinimumVisualStudioVersion = 10.0.40219.1
Project("{FAE04EC0-301F-11D3-BF4B-00C04F79EFBC}") = "VueApp.Server", "VueApp.Server\VueApp.Server.csproj", "{1C49211A-47FD-48FB-9B2B-A7F0838730B3}"
EndProject
Project("{54A90642-561A-4BB1-A94E-469ADEE60C69}") = "vueapp.client", "vueapp.client\vueapp.client.esproj", "{08FAC4B1-FB85-4075-86B6-401F5DC77CA2}"
EndProject
Global
	GlobalSection(SolutionConfigurationPlatforms) = preSolution
		Debug|Any CPU = Debug|Any CPU
		Release|Any CPU = Release|Any CPU
	EndGlobalSection
	GlobalSection(ProjectConfigurationPlatforms) = postSolution
		{1C49211A-47FD-48FB-9B2B-A7F0838730B3}.Debug|Any CPU.ActiveCfg = Debug|Any CPU
		{1C49211A-47FD-48FB-9B2B-A7F0838730B3}.Debug|Any CPU.Build.0 = Debug|Any CPU
		{1C49211A-47FD-48FB-9B2B-A7F0838730B3}.Release|Any CPU.ActiveCfg = Release|Any CPU
		{1C49211A-47FD-48FB-9B2B-A7F0838730B3}.Release|Any CPU.Build.0 = Release|Any CPU
		{08FAC4B1-FB85-4075-86B6-401F5DC77CA2}.Debug|Any CPU.ActiveCfg = Debug|Any CPU
		{08FAC4B1-FB85-4075-86B6-401F5DC77CA2}.Debug|Any CPU.Build.0 = Debug|Any CPU
		{08FAC4B1-FB85-4075-86B6-401F5DC77CA2}.Debug|Any CPU.Deploy.0 = Debug|Any CPU
		{08FAC4B1-FB85-4075-86B6-401F5DC77CA2}.Release|Any CPU.ActiveCfg = Release|Any CPU
		{08FAC4B1-FB85-4075-86B6-401F5DC77CA2}.Release|Any CPU.Build.0 = Release|Any CPU
		{08FAC4B1-FB85-4075-86B6-401F5DC77CA2}.Release|Any CPU.Deploy.0 = Release|Any CPU
	EndGlobalSection
	GlobalSection(SolutionProperties) = preSolution
		HideSolutionNode = FALSE
	EndGlobalSection
EndGlobal
